// !$*UTF8*$!
{
	archiveVersion = 1;
	classes = {
	};
	objectVersion = 56;
	objects = {

/* Begin PBXBuildFile section */
		C8587E7029DDF9C500CB6305 /* CyclingBLESensorTesterApp.swift in Sources */ = {isa = PBXBuildFile; fileRef = C8587E6F29DDF9C500CB6305 /* CyclingBLESensorTesterApp.swift */; };
		C8587E7229DDF9C500CB6305 /* ContentView.swift in Sources */ = {isa = PBXBuildFile; fileRef = C8587E7129DDF9C500CB6305 /* ContentView.swift */; };
		C8587E7429DDF9C600CB6305 /* Assets.xcassets in Resources */ = {isa = PBXBuildFile; fileRef = C8587E7329DDF9C600CB6305 /* Assets.xcassets */; };
		C8587E7729DDF9C600CB6305 /* Preview Assets.xcassets in Resources */ = {isa = PBXBuildFile; fileRef = C8587E7629DDF9C600CB6305 /* Preview Assets.xcassets */; };
		C8587E8229DDF9C600CB6305 /* CyclingBLESensorTesterTests.swift in Sources */ = {isa = PBXBuildFile; fileRef = C8587E8129DDF9C600CB6305 /* CyclingBLESensorTesterTests.swift */; };
		C8587E8C29DDF9C600CB6305 /* CyclingBLESensorTesterUITests.swift in Sources */ = {isa = PBXBuildFile; fileRef = C8587E8B29DDF9C600CB6305 /* CyclingBLESensorTesterUITests.swift */; };
		C8587E8E29DDF9C600CB6305 /* CyclingBLESensorTesterUITestsLaunchTests.swift in Sources */ = {isa = PBXBuildFile; fileRef = C8587E8D29DDF9C600CB6305 /* CyclingBLESensorTesterUITestsLaunchTests.swift */; };
		C8587EA029DDFB2900CB6305 /* BLE.swift in Sources */ = {isa = PBXBuildFile; fileRef = C8587E9F29DDFB2900CB6305 /* BLE.swift */; };
		C8587EA429DDFF7A00CB6305 /* CyclingPowerParser.swift in Sources */ = {isa = PBXBuildFile; fileRef = C8587EA229DDFF7A00CB6305 /* CyclingPowerParser.swift */; };
		C8587EA529DDFF7A00CB6305 /* HeartRateParser.swift in Sources */ = {isa = PBXBuildFile; fileRef = C8587EA329DDFF7A00CB6305 /* HeartRateParser.swift */; };
		C8587EA829DE083E00CB6305 /* BLEViewModel.swift in Sources */ = {isa = PBXBuildFile; fileRef = C8587EA729DE083E00CB6305 /* BLEViewModel.swift */; };
		C8587EAA29DE08FA00CB6305 /* BLESensorModel.swift in Sources */ = {isa = PBXBuildFile; fileRef = C8587EA929DE08FA00CB6305 /* BLESensorModel.swift */; };
		C8587EAC29DE0D3600CB6305 /* BLESensorView.swift in Sources */ = {isa = PBXBuildFile; fileRef = C8587EAB29DE0D3600CB6305 /* BLESensorView.swift */; };
		C8587EAF29DFBCE000CB6305 /* CyclingSpeedAndCadence.swift in Sources */ = {isa = PBXBuildFile; fileRef = C8587EAE29DFBCE000CB6305 /* CyclingSpeedAndCadence.swift */; };
/* End PBXBuildFile section */

/* Begin PBXContainerItemProxy section */
		C8587E7E29DDF9C600CB6305 /* PBXContainerItemProxy */ = {
			isa = PBXContainerItemProxy;
			containerPortal = C8587E6429DDF9C500CB6305 /* Project object */;
			proxyType = 1;
			remoteGlobalIDString = C8587E6B29DDF9C500CB6305;
			remoteInfo = CyclingBLESensorTester;
		};
		C8587E8829DDF9C600CB6305 /* PBXContainerItemProxy */ = {
			isa = PBXContainerItemProxy;
			containerPortal = C8587E6429DDF9C500CB6305 /* Project object */;
			proxyType = 1;
			remoteGlobalIDString = C8587E6B29DDF9C500CB6305;
			remoteInfo = CyclingBLESensorTester;
		};
/* End PBXContainerItemProxy section */

/* Begin PBXFileReference section */
		C8587E6C29DDF9C500CB6305 /* CyclingBLESensorTester.app */ = {isa = PBXFileReference; explicitFileType = wrapper.application; includeInIndex = 0; path = CyclingBLESensorTester.app; sourceTree = BUILT_PRODUCTS_DIR; };
		C8587E6F29DDF9C500CB6305 /* CyclingBLESensorTesterApp.swift */ = {isa = PBXFileReference; lastKnownFileType = sourcecode.swift; path = CyclingBLESensorTesterApp.swift; sourceTree = "<group>"; };
		C8587E7129DDF9C500CB6305 /* ContentView.swift */ = {isa = PBXFileReference; lastKnownFileType = sourcecode.swift; path = ContentView.swift; sourceTree = "<group>"; };
		C8587E7329DDF9C600CB6305 /* Assets.xcassets */ = {isa = PBXFileReference; lastKnownFileType = folder.assetcatalog; path = Assets.xcassets; sourceTree = "<group>"; };
		C8587E7629DDF9C600CB6305 /* Preview Assets.xcassets */ = {isa = PBXFileReference; lastKnownFileType = folder.assetcatalog; path = "Preview Assets.xcassets"; sourceTree = "<group>"; };
		C8587E7829DDF9C600CB6305 /* CyclingBLESensorTester.entitlements */ = {isa = PBXFileReference; lastKnownFileType = text.plist.entitlements; path = CyclingBLESensorTester.entitlements; sourceTree = "<group>"; };
		C8587E7D29DDF9C600CB6305 /* CyclingBLESensorTesterTests.xctest */ = {isa = PBXFileReference; explicitFileType = wrapper.cfbundle; includeInIndex = 0; path = CyclingBLESensorTesterTests.xctest; sourceTree = BUILT_PRODUCTS_DIR; };
		C8587E8129DDF9C600CB6305 /* CyclingBLESensorTesterTests.swift */ = {isa = PBXFileReference; lastKnownFileType = sourcecode.swift; path = CyclingBLESensorTesterTests.swift; sourceTree = "<group>"; };
		C8587E8729DDF9C600CB6305 /* CyclingBLESensorTesterUITests.xctest */ = {isa = PBXFileReference; explicitFileType = wrapper.cfbundle; includeInIndex = 0; path = CyclingBLESensorTesterUITests.xctest; sourceTree = BUILT_PRODUCTS_DIR; };
		C8587E8B29DDF9C600CB6305 /* CyclingBLESensorTesterUITests.swift */ = {isa = PBXFileReference; lastKnownFileType = sourcecode.swift; path = CyclingBLESensorTesterUITests.swift; sourceTree = "<group>"; };
		C8587E8D29DDF9C600CB6305 /* CyclingBLESensorTesterUITestsLaunchTests.swift */ = {isa = PBXFileReference; lastKnownFileType = sourcecode.swift; path = CyclingBLESensorTesterUITestsLaunchTests.swift; sourceTree = "<group>"; };
		C8587E9F29DDFB2900CB6305 /* BLE.swift */ = {isa = PBXFileReference; lastKnownFileType = sourcecode.swift; path = BLE.swift; sourceTree = "<group>"; };
		C8587EA229DDFF7A00CB6305 /* CyclingPowerParser.swift */ = {isa = PBXFileReference; fileEncoding = 4; lastKnownFileType = sourcecode.swift; name = CyclingPowerParser.swift; path = ../../../../CyclingBLESensorTesting/CyclingBLESensorTesting/BLE/BLEParsers/CyclingPowerParser.swift; sourceTree = "<group>"; };
		C8587EA329DDFF7A00CB6305 /* HeartRateParser.swift */ = {isa = PBXFileReference; fileEncoding = 4; lastKnownFileType = sourcecode.swift; name = HeartRateParser.swift; path = ../../../../CyclingBLESensorTesting/CyclingBLESensorTesting/BLE/BLEParsers/HeartRateParser.swift; sourceTree = "<group>"; };
		C8587EA729DE083E00CB6305 /* BLEViewModel.swift */ = {isa = PBXFileReference; lastKnownFileType = sourcecode.swift; path = BLEViewModel.swift; sourceTree = "<group>"; };
		C8587EA929DE08FA00CB6305 /* BLESensorModel.swift */ = {isa = PBXFileReference; lastKnownFileType = sourcecode.swift; path = BLESensorModel.swift; sourceTree = "<group>"; };
		C8587EAB29DE0D3600CB6305 /* BLESensorView.swift */ = {isa = PBXFileReference; lastKnownFileType = sourcecode.swift; path = BLESensorView.swift; sourceTree = "<group>"; };
		C8587EAD29DE118000CB6305 /* Info.plist */ = {isa = PBXFileReference; lastKnownFileType = text.plist; path = Info.plist; sourceTree = "<group>"; };
		C8587EAE29DFBCE000CB6305 /* CyclingSpeedAndCadence.swift */ = {isa = PBXFileReference; lastKnownFileType = sourcecode.swift; path = CyclingSpeedAndCadence.swift; sourceTree = "<group>"; };
/* End PBXFileReference section */

/* Begin PBXFrameworksBuildPhase section */
		C8587E6929DDF9C500CB6305 /* Frameworks */ = {
			isa = PBXFrameworksBuildPhase;
			buildActionMask = 2147483647;
			files = (
			);
			runOnlyForDeploymentPostprocessing = 0;
		};
		C8587E7A29DDF9C600CB6305 /* Frameworks */ = {
			isa = PBXFrameworksBuildPhase;
			buildActionMask = 2147483647;
			files = (
			);
			runOnlyForDeploymentPostprocessing = 0;
		};
		C8587E8429DDF9C600CB6305 /* Frameworks */ = {
			isa = PBXFrameworksBuildPhase;
			buildActionMask = 2147483647;
			files = (
			);
			runOnlyForDeploymentPostprocessing = 0;
		};
/* End PBXFrameworksBuildPhase section */

/* Begin PBXGroup section */
		C8587E6329DDF9C500CB6305 = {
			isa = PBXGroup;
			children = (
				C8587E6E29DDF9C500CB6305 /* CyclingBLESensorTester */,
				C8587E8029DDF9C600CB6305 /* CyclingBLESensorTesterTests */,
				C8587E8A29DDF9C600CB6305 /* CyclingBLESensorTesterUITests */,
				C8587E6D29DDF9C500CB6305 /* Products */,
			);
			sourceTree = "<group>";
		};
		C8587E6D29DDF9C500CB6305 /* Products */ = {
			isa = PBXGroup;
			children = (
				C8587E6C29DDF9C500CB6305 /* CyclingBLESensorTester.app */,
				C8587E7D29DDF9C600CB6305 /* CyclingBLESensorTesterTests.xctest */,
				C8587E8729DDF9C600CB6305 /* CyclingBLESensorTesterUITests.xctest */,
			);
			name = Products;
			sourceTree = "<group>";
		};
		C8587E6E29DDF9C500CB6305 /* CyclingBLESensorTester */ = {
			isa = PBXGroup;
			children = (
				C8587EAD29DE118000CB6305 /* Info.plist */,
				C8587EA629DE077900CB6305 /* ViewModels */,
				C8587E9E29DDFB1900CB6305 /* BLE */,
				C8587E9B29DDFA9800CB6305 /* Models */,
				C8587E9A29DDF9D800CB6305 /* Views */,
				C8587E6F29DDF9C500CB6305 /* CyclingBLESensorTesterApp.swift */,
				C8587E7129DDF9C500CB6305 /* ContentView.swift */,
				C8587E7329DDF9C600CB6305 /* Assets.xcassets */,
				C8587E7829DDF9C600CB6305 /* CyclingBLESensorTester.entitlements */,
				C8587E7529DDF9C600CB6305 /* Preview Content */,
			);
			path = CyclingBLESensorTester;
			sourceTree = "<group>";
		};
		C8587E7529DDF9C600CB6305 /* Preview Content */ = {
			isa = PBXGroup;
			children = (
				C8587E7629DDF9C600CB6305 /* Preview Assets.xcassets */,
			);
			path = "Preview Content";
			sourceTree = "<group>";
		};
		C8587E8029DDF9C600CB6305 /* CyclingBLESensorTesterTests */ = {
			isa = PBXGroup;
			children = (
				C8587E8129DDF9C600CB6305 /* CyclingBLESensorTesterTests.swift */,
			);
			path = CyclingBLESensorTesterTests;
			sourceTree = "<group>";
		};
		C8587E8A29DDF9C600CB6305 /* CyclingBLESensorTesterUITests */ = {
			isa = PBXGroup;
			children = (
				C8587E8B29DDF9C600CB6305 /* CyclingBLESensorTesterUITests.swift */,
				C8587E8D29DDF9C600CB6305 /* CyclingBLESensorTesterUITestsLaunchTests.swift */,
			);
			path = CyclingBLESensorTesterUITests;
			sourceTree = "<group>";
		};
		C8587E9A29DDF9D800CB6305 /* Views */ = {
			isa = PBXGroup;
			children = (
				C8587EAB29DE0D3600CB6305 /* BLESensorView.swift */,
			);
			path = Views;
			sourceTree = "<group>";
		};
		C8587E9B29DDFA9800CB6305 /* Models */ = {
			isa = PBXGroup;
			children = (
				C8587EA929DE08FA00CB6305 /* BLESensorModel.swift */,
			);
			path = Models;
			sourceTree = "<group>";
		};
		C8587E9E29DDFB1900CB6305 /* BLE */ = {
			isa = PBXGroup;
			children = (
				C8587EA129DDFF6800CB6305 /* Parsers */,
				C8587E9F29DDFB2900CB6305 /* BLE.swift */,
			);
			path = BLE;
			sourceTree = "<group>";
		};
		C8587EA129DDFF6800CB6305 /* Parsers */ = {
			isa = PBXGroup;
			children = (
				C8587EA229DDFF7A00CB6305 /* CyclingPowerParser.swift */,
				C8587EA329DDFF7A00CB6305 /* HeartRateParser.swift */,
				C8587EAE29DFBCE000CB6305 /* CyclingSpeedAndCadence.swift */,
			);
			path = Parsers;
			sourceTree = "<group>";
		};
		C8587EA629DE077900CB6305 /* ViewModels */ = {
			isa = PBXGroup;
			children = (
				C8587EA729DE083E00CB6305 /* BLEViewModel.swift */,
			);
			path = ViewModels;
			sourceTree = "<group>";
		};
/* End PBXGroup section */

/* Begin PBXNativeTarget section */
		C8587E6B29DDF9C500CB6305 /* CyclingBLESensorTester */ = {
			isa = PBXNativeTarget;
			buildConfigurationList = C8587E9129DDF9C600CB6305 /* Build configuration list for PBXNativeTarget "CyclingBLESensorTester" */;
			buildPhases = (
				C8587E6829DDF9C500CB6305 /* Sources */,
				C8587E6929DDF9C500CB6305 /* Frameworks */,
				C8587E6A29DDF9C500CB6305 /* Resources */,
			);
			buildRules = (
			);
			dependencies = (
			);
			name = CyclingBLESensorTester;
			productName = CyclingBLESensorTester;
			productReference = C8587E6C29DDF9C500CB6305 /* CyclingBLESensorTester.app */;
			productType = "com.apple.product-type.application";
		};
		C8587E7C29DDF9C600CB6305 /* CyclingBLESensorTesterTests */ = {
			isa = PBXNativeTarget;
			buildConfigurationList = C8587E9429DDF9C600CB6305 /* Build configuration list for PBXNativeTarget "CyclingBLESensorTesterTests" */;
			buildPhases = (
				C8587E7929DDF9C600CB6305 /* Sources */,
				C8587E7A29DDF9C600CB6305 /* Frameworks */,
				C8587E7B29DDF9C600CB6305 /* Resources */,
			);
			buildRules = (
			);
			dependencies = (
				C8587E7F29DDF9C600CB6305 /* PBXTargetDependency */,
			);
			name = CyclingBLESensorTesterTests;
			productName = CyclingBLESensorTesterTests;
			productReference = C8587E7D29DDF9C600CB6305 /* CyclingBLESensorTesterTests.xctest */;
			productType = "com.apple.product-type.bundle.unit-test";
		};
		C8587E8629DDF9C600CB6305 /* CyclingBLESensorTesterUITests */ = {
			isa = PBXNativeTarget;
			buildConfigurationList = C8587E9729DDF9C600CB6305 /* Build configuration list for PBXNativeTarget "CyclingBLESensorTesterUITests" */;
			buildPhases = (
				C8587E8329DDF9C600CB6305 /* Sources */,
				C8587E8429DDF9C600CB6305 /* Frameworks */,
				C8587E8529DDF9C600CB6305 /* Resources */,
			);
			buildRules = (
			);
			dependencies = (
				C8587E8929DDF9C600CB6305 /* PBXTargetDependency */,
			);
			name = CyclingBLESensorTesterUITests;
			productName = CyclingBLESensorTesterUITests;
			productReference = C8587E8729DDF9C600CB6305 /* CyclingBLESensorTesterUITests.xctest */;
			productType = "com.apple.product-type.bundle.ui-testing";
		};
/* End PBXNativeTarget section */

/* Begin PBXProject section */
		C8587E6429DDF9C500CB6305 /* Project object */ = {
			isa = PBXProject;
			attributes = {
				BuildIndependentTargetsInParallel = 1;
				LastSwiftUpdateCheck = 1430;
				LastUpgradeCheck = 1430;
				TargetAttributes = {
					C8587E6B29DDF9C500CB6305 = {
						CreatedOnToolsVersion = 14.3;
					};
					C8587E7C29DDF9C600CB6305 = {
						CreatedOnToolsVersion = 14.3;
						TestTargetID = C8587E6B29DDF9C500CB6305;
					};
					C8587E8629DDF9C600CB6305 = {
						CreatedOnToolsVersion = 14.3;
						TestTargetID = C8587E6B29DDF9C500CB6305;
					};
				};
			};
			buildConfigurationList = C8587E6729DDF9C500CB6305 /* Build configuration list for PBXProject "CyclingBLESensorTester" */;
			compatibilityVersion = "Xcode 14.0";
			developmentRegion = en;
			hasScannedForEncodings = 0;
			knownRegions = (
				en,
				Base,
			);
			mainGroup = C8587E6329DDF9C500CB6305;
			productRefGroup = C8587E6D29DDF9C500CB6305 /* Products */;
			projectDirPath = "";
			projectRoot = "";
			targets = (
				C8587E6B29DDF9C500CB6305 /* CyclingBLESensorTester */,
				C8587E7C29DDF9C600CB6305 /* CyclingBLESensorTesterTests */,
				C8587E8629DDF9C600CB6305 /* CyclingBLESensorTesterUITests */,
			);
		};
/* End PBXProject section */

/* Begin PBXResourcesBuildPhase section */
		C8587E6A29DDF9C500CB6305 /* Resources */ = {
			isa = PBXResourcesBuildPhase;
			buildActionMask = 2147483647;
			files = (
				C8587E7729DDF9C600CB6305 /* Preview Assets.xcassets in Resources */,
				C8587E7429DDF9C600CB6305 /* Assets.xcassets in Resources */,
			);
			runOnlyForDeploymentPostprocessing = 0;
		};
		C8587E7B29DDF9C600CB6305 /* Resources */ = {
			isa = PBXResourcesBuildPhase;
			buildActionMask = 2147483647;
			files = (
			);
			runOnlyForDeploymentPostprocessing = 0;
		};
		C8587E8529DDF9C600CB6305 /* Resources */ = {
			isa = PBXResourcesBuildPhase;
			buildActionMask = 2147483647;
			files = (
			);
			runOnlyForDeploymentPostprocessing = 0;
		};
/* End PBXResourcesBuildPhase section */

/* Begin PBXSourcesBuildPhase section */
		C8587E6829DDF9C500CB6305 /* Sources */ = {
			isa = PBXSourcesBuildPhase;
			buildActionMask = 2147483647;
			files = (
				C8587EA529DDFF7A00CB6305 /* HeartRateParser.swift in Sources */,
				C8587E7229DDF9C500CB6305 /* ContentView.swift in Sources */,
				C8587EA029DDFB2900CB6305 /* BLE.swift in Sources */,
				C8587EA429DDFF7A00CB6305 /* CyclingPowerParser.swift in Sources */,
				C8587EA829DE083E00CB6305 /* BLEViewModel.swift in Sources */,
				C8587EAA29DE08FA00CB6305 /* BLESensorModel.swift in Sources */,
				C8587EAF29DFBCE000CB6305 /* CyclingSpeedAndCadence.swift in Sources */,
				C8587EAC29DE0D3600CB6305 /* BLESensorView.swift in Sources */,
				C8587E7029DDF9C500CB6305 /* CyclingBLESensorTesterApp.swift in Sources */,
			);
			runOnlyForDeploymentPostprocessing = 0;
		};
		C8587E7929DDF9C600CB6305 /* Sources */ = {
			isa = PBXSourcesBuildPhase;
			buildActionMask = 2147483647;
			files = (
				C8587E8229DDF9C600CB6305 /* CyclingBLESensorTesterTests.swift in Sources */,
			);
			runOnlyForDeploymentPostprocessing = 0;
		};
		C8587E8329DDF9C600CB6305 /* Sources */ = {
			isa = PBXSourcesBuildPhase;
			buildActionMask = 2147483647;
			files = (
				C8587E8C29DDF9C600CB6305 /* CyclingBLESensorTesterUITests.swift in Sources */,
				C8587E8E29DDF9C600CB6305 /* CyclingBLESensorTesterUITestsLaunchTests.swift in Sources */,
			);
			runOnlyForDeploymentPostprocessing = 0;
		};
/* End PBXSourcesBuildPhase section */

/* Begin PBXTargetDependency section */
		C8587E7F29DDF9C600CB6305 /* PBXTargetDependency */ = {
			isa = PBXTargetDependency;
			target = C8587E6B29DDF9C500CB6305 /* CyclingBLESensorTester */;
			targetProxy = C8587E7E29DDF9C600CB6305 /* PBXContainerItemProxy */;
		};
		C8587E8929DDF9C600CB6305 /* PBXTargetDependency */ = {
			isa = PBXTargetDependency;
			target = C8587E6B29DDF9C500CB6305 /* CyclingBLESensorTester */;
			targetProxy = C8587E8829DDF9C600CB6305 /* PBXContainerItemProxy */;
		};
/* End PBXTargetDependency section */

/* Begin XCBuildConfiguration section */
		C8587E8F29DDF9C600CB6305 /* Debug */ = {
			isa = XCBuildConfiguration;
			buildSettings = {
				ALWAYS_SEARCH_USER_PATHS = NO;
				CLANG_ANALYZER_NONNULL = YES;
				CLANG_ANALYZER_NUMBER_OBJECT_CONVERSION = YES_AGGRESSIVE;
				CLANG_CXX_LANGUAGE_STANDARD = "gnu++20";
				CLANG_ENABLE_MODULES = YES;
				CLANG_ENABLE_OBJC_ARC = YES;
				CLANG_ENABLE_OBJC_WEAK = YES;
				CLANG_WARN_BLOCK_CAPTURE_AUTORELEASING = YES;
				CLANG_WARN_BOOL_CONVERSION = YES;
				CLANG_WARN_COMMA = YES;
				CLANG_WARN_CONSTANT_CONVERSION = YES;
				CLANG_WARN_DEPRECATED_OBJC_IMPLEMENTATIONS = YES;
				CLANG_WARN_DIRECT_OBJC_ISA_USAGE = YES_ERROR;
				CLANG_WARN_DOCUMENTATION_COMMENTS = YES;
				CLANG_WARN_EMPTY_BODY = YES;
				CLANG_WARN_ENUM_CONVERSION = YES;
				CLANG_WARN_INFINITE_RECURSION = YES;
				CLANG_WARN_INT_CONVERSION = YES;
				CLANG_WARN_NON_LITERAL_NULL_CONVERSION = YES;
				CLANG_WARN_OBJC_IMPLICIT_RETAIN_SELF = YES;
				CLANG_WARN_OBJC_LITERAL_CONVERSION = YES;
				CLANG_WARN_OBJC_ROOT_CLASS = YES_ERROR;
				CLANG_WARN_QUOTED_INCLUDE_IN_FRAMEWORK_HEADER = YES;
				CLANG_WARN_RANGE_LOOP_ANALYSIS = YES;
				CLANG_WARN_STRICT_PROTOTYPES = YES;
				CLANG_WARN_SUSPICIOUS_MOVE = YES;
				CLANG_WARN_UNGUARDED_AVAILABILITY = YES_AGGRESSIVE;
				CLANG_WARN_UNREACHABLE_CODE = YES;
				CLANG_WARN__DUPLICATE_METHOD_MATCH = YES;
				COPY_PHASE_STRIP = NO;
				DEBUG_INFORMATION_FORMAT = dwarf;
				ENABLE_STRICT_OBJC_MSGSEND = YES;
				ENABLE_TESTABILITY = YES;
				GCC_C_LANGUAGE_STANDARD = gnu11;
				GCC_DYNAMIC_NO_PIC = NO;
				GCC_NO_COMMON_BLOCKS = YES;
				GCC_OPTIMIZATION_LEVEL = 0;
				GCC_PREPROCESSOR_DEFINITIONS = (
					"DEBUG=1",
					"$(inherited)",
				);
				GCC_WARN_64_TO_32_BIT_CONVERSION = YES;
				GCC_WARN_ABOUT_RETURN_TYPE = YES_ERROR;
				GCC_WARN_UNDECLARED_SELECTOR = YES;
				GCC_WARN_UNINITIALIZED_AUTOS = YES_AGGRESSIVE;
				GCC_WARN_UNUSED_FUNCTION = YES;
				GCC_WARN_UNUSED_VARIABLE = YES;
				MACOSX_DEPLOYMENT_TARGET = 13.2;
				MTL_ENABLE_DEBUG_INFO = INCLUDE_SOURCE;
				MTL_FAST_MATH = YES;
				ONLY_ACTIVE_ARCH = YES;
				SDKROOT = macosx;
				SWIFT_ACTIVE_COMPILATION_CONDITIONS = DEBUG;
				SWIFT_OPTIMIZATION_LEVEL = "-Onone";
			};
			name = Debug;
		};
		C8587E9029DDF9C600CB6305 /* Release */ = {
			isa = XCBuildConfiguration;
			buildSettings = {
				ALWAYS_SEARCH_USER_PATHS = NO;
				CLANG_ANALYZER_NONNULL = YES;
				CLANG_ANALYZER_NUMBER_OBJECT_CONVERSION = YES_AGGRESSIVE;
				CLANG_CXX_LANGUAGE_STANDARD = "gnu++20";
				CLANG_ENABLE_MODULES = YES;
				CLANG_ENABLE_OBJC_ARC = YES;
				CLANG_ENABLE_OBJC_WEAK = YES;
				CLANG_WARN_BLOCK_CAPTURE_AUTORELEASING = YES;
				CLANG_WARN_BOOL_CONVERSION = YES;
				CLANG_WARN_COMMA = YES;
				CLANG_WARN_CONSTANT_CONVERSION = YES;
				CLANG_WARN_DEPRECATED_OBJC_IMPLEMENTATIONS = YES;
				CLANG_WARN_DIRECT_OBJC_ISA_USAGE = YES_ERROR;
				CLANG_WARN_DOCUMENTATION_COMMENTS = YES;
				CLANG_WARN_EMPTY_BODY = YES;
				CLANG_WARN_ENUM_CONVERSION = YES;
				CLANG_WARN_INFINITE_RECURSION = YES;
				CLANG_WARN_INT_CONVERSION = YES;
				CLANG_WARN_NON_LITERAL_NULL_CONVERSION = YES;
				CLANG_WARN_OBJC_IMPLICIT_RETAIN_SELF = YES;
				CLANG_WARN_OBJC_LITERAL_CONVERSION = YES;
				CLANG_WARN_OBJC_ROOT_CLASS = YES_ERROR;
				CLANG_WARN_QUOTED_INCLUDE_IN_FRAMEWORK_HEADER = YES;
				CLANG_WARN_RANGE_LOOP_ANALYSIS = YES;
				CLANG_WARN_STRICT_PROTOTYPES = YES;
				CLANG_WARN_SUSPICIOUS_MOVE = YES;
				CLANG_WARN_UNGUARDED_AVAILABILITY = YES_AGGRESSIVE;
				CLANG_WARN_UNREACHABLE_CODE = YES;
				CLANG_WARN__DUPLICATE_METHOD_MATCH = YES;
				COPY_PHASE_STRIP = NO;
				DEBUG_INFORMATION_FORMAT = "dwarf-with-dsym";
				ENABLE_NS_ASSERTIONS = NO;
				ENABLE_STRICT_OBJC_MSGSEND = YES;
				GCC_C_LANGUAGE_STANDARD = gnu11;
				GCC_NO_COMMON_BLOCKS = YES;
				GCC_WARN_64_TO_32_BIT_CONVERSION = YES;
				GCC_WARN_ABOUT_RETURN_TYPE = YES_ERROR;
				GCC_WARN_UNDECLARED_SELECTOR = YES;
				GCC_WARN_UNINITIALIZED_AUTOS = YES_AGGRESSIVE;
				GCC_WARN_UNUSED_FUNCTION = YES;
				GCC_WARN_UNUSED_VARIABLE = YES;
				MACOSX_DEPLOYMENT_TARGET = 13.2;
				MTL_ENABLE_DEBUG_INFO = NO;
				MTL_FAST_MATH = YES;
				SDKROOT = macosx;
				SWIFT_COMPILATION_MODE = wholemodule;
				SWIFT_OPTIMIZATION_LEVEL = "-O";
			};
			name = Release;
		};
		C8587E9229DDF9C600CB6305 /* Debug */ = {
			isa = XCBuildConfiguration;
			buildSettings = {
				ASSETCATALOG_COMPILER_APPICON_NAME = AppIcon;
				ASSETCATALOG_COMPILER_GLOBAL_ACCENT_COLOR_NAME = AccentColor;
				CODE_SIGN_ENTITLEMENTS = CyclingBLESensorTester/CyclingBLESensorTester.entitlements;
				CODE_SIGN_STYLE = Automatic;
				COMBINE_HIDPI_IMAGES = YES;
				CURRENT_PROJECT_VERSION = 1;
				DEVELOPMENT_ASSET_PATHS = "\"CyclingBLESensorTester/Preview Content\"";
				DEVELOPMENT_TEAM = DLX8766PQ8;
				ENABLE_HARDENED_RUNTIME = YES;
				ENABLE_PREVIEWS = YES;
				GENERATE_INFOPLIST_FILE = YES;
				INFOPLIST_FILE = CyclingBLESensorTester/Info.plist;
				INFOPLIST_KEY_NSBluetoothAlwaysUsageDescription = "\"uses ble\"";
				INFOPLIST_KEY_NSBluetoothPeripheralUsageDescription = "\"uses ble\"";
				INFOPLIST_KEY_NSHumanReadableCopyright = "";
				LD_RUNPATH_SEARCH_PATHS = (
					"$(inherited)",
					"@executable_path/../Frameworks",
				);
				MARKETING_VERSION = 1.0;
				PRODUCT_BUNDLE_IDENTIFIER = com.jbaudens.CyclingBLESensorTester;
				PRODUCT_NAME = "$(TARGET_NAME)";
				SWIFT_EMIT_LOC_STRINGS = YES;
				SWIFT_VERSION = 5.0;
			};
			name = Debug;
		};
		C8587E9329DDF9C600CB6305 /* Release */ = {
			isa = XCBuildConfiguration;
			buildSettings = {
				ASSETCATALOG_COMPILER_APPICON_NAME = AppIcon;
				ASSETCATALOG_COMPILER_GLOBAL_ACCENT_COLOR_NAME = AccentColor;
				CODE_SIGN_ENTITLEMENTS = CyclingBLESensorTester/CyclingBLESensorTester.entitlements;
				CODE_SIGN_STYLE = Automatic;
				COMBINE_HIDPI_IMAGES = YES;
				CURRENT_PROJECT_VERSION = 1;
				DEVELOPMENT_ASSET_PATHS = "\"CyclingBLESensorTester/Preview Content\"";
				DEVELOPMENT_TEAM = DLX8766PQ8;
				ENABLE_HARDENED_RUNTIME = YES;
				ENABLE_PREVIEWS = YES;
				GENERATE_INFOPLIST_FILE = YES;
				INFOPLIST_FILE = CyclingBLESensorTester/Info.plist;
				INFOPLIST_KEY_NSBluetoothAlwaysUsageDescription = "\"uses ble\"";
				INFOPLIST_KEY_NSBluetoothPeripheralUsageDescription = "\"uses ble\"";
				INFOPLIST_KEY_NSHumanReadableCopyright = "";
				LD_RUNPATH_SEARCH_PATHS = (
					"$(inherited)",
					"@executable_path/../Frameworks",
				);
				MARKETING_VERSION = 1.0;
				PRODUCT_BUNDLE_IDENTIFIER = com.jbaudens.CyclingBLESensorTester;
				PRODUCT_NAME = "$(TARGET_NAME)";
				SWIFT_EMIT_LOC_STRINGS = YES;
				SWIFT_VERSION = 5.0;
			};
			name = Release;
		};
		C8587E9529DDF9C600CB6305 /* Debug */ = {
			isa = XCBuildConfiguration;
			buildSettings = {
				ALWAYS_EMBED_SWIFT_STANDARD_LIBRARIES = YES;
				BUNDLE_LOADER = "$(TEST_HOST)";
				CODE_SIGN_STYLE = Automatic;
				CURRENT_PROJECT_VERSION = 1;
				DEVELOPMENT_TEAM = DLX8766PQ8;
				GENERATE_INFOPLIST_FILE = YES;
				MACOSX_DEPLOYMENT_TARGET = 13.2;
				MARKETING_VERSION = 1.0;
				PRODUCT_BUNDLE_IDENTIFIER = com.jbaudens.CyclingBLESensorTesterTests;
				PRODUCT_NAME = "$(TARGET_NAME)";
				SWIFT_EMIT_LOC_STRINGS = NO;
				SWIFT_VERSION = 5.0;
				TEST_HOST = "$(BUILT_PRODUCTS_DIR)/CyclingBLESensorTester.app/$(BUNDLE_EXECUTABLE_FOLDER_PATH)/CyclingBLESensorTester";
			};
			name = Debug;
		};
		C8587E9629DDF9C600CB6305 /* Release */ = {
			isa = XCBuildConfiguration;
			buildSettings = {
				ALWAYS_EMBED_SWIFT_STANDARD_LIBRARIES = YES;
				BUNDLE_LOADER = "$(TEST_HOST)";
				CODE_SIGN_STYLE = Automatic;
				CURRENT_PROJECT_VERSION = 1;
				DEVELOPMENT_TEAM = DLX8766PQ8;
				GENERATE_INFOPLIST_FILE = YES;
				MACOSX_DEPLOYMENT_TARGET = 13.2;
				MARKETING_VERSION = 1.0;
				PRODUCT_BUNDLE_IDENTIFIER = com.jbaudens.CyclingBLESensorTesterTests;
				PRODUCT_NAME = "$(TARGET_NAME)";
				SWIFT_EMIT_LOC_STRINGS = NO;
				SWIFT_VERSION = 5.0;
				TEST_HOST = "$(BUILT_PRODUCTS_DIR)/CyclingBLESensorTester.app/$(BUNDLE_EXECUTABLE_FOLDER_PATH)/CyclingBLESensorTester";
			};
			name = Release;
		};
		C8587E9829DDF9C600CB6305 /* Debug */ = {
			isa = XCBuildConfiguration;
			buildSettings = {
				ALWAYS_EMBED_SWIFT_STANDARD_LIBRARIES = YES;
				CODE_SIGN_STYLE = Automatic;
				CURRENT_PROJECT_VERSION = 1;
				DEVELOPMENT_TEAM = DLX8766PQ8;
				GENERATE_INFOPLIST_FILE = YES;
				MARKETING_VERSION = 1.0;
				PRODUCT_BUNDLE_IDENTIFIER = com.jbaudens.CyclingBLESensorTesterUITests;
				PRODUCT_NAME = "$(TARGET_NAME)";
				SWIFT_EMIT_LOC_STRINGS = NO;
				SWIFT_VERSION = 5.0;
				TEST_TARGET_NAME = CyclingBLESensorTester;
			};
			name = Debug;
		};
		C8587E9929DDF9C600CB6305 /* Release */ = {
			isa = XCBuildConfiguration;
			buildSettings = {
				ALWAYS_EMBED_SWIFT_STANDARD_LIBRARIES = YES;
				CODE_SIGN_STYLE = Automatic;
				CURRENT_PROJECT_VERSION = 1;
				DEVELOPMENT_TEAM = DLX8766PQ8;
				GENERATE_INFOPLIST_FILE = YES;
				MARKETING_VERSION = 1.0;
				PRODUCT_BUNDLE_IDENTIFIER = com.jbaudens.CyclingBLESensorTesterUITests;
				PRODUCT_NAME = "$(TARGET_NAME)";
				SWIFT_EMIT_LOC_STRINGS = NO;
				SWIFT_VERSION = 5.0;
				TEST_TARGET_NAME = CyclingBLESensorTester;
			};
			name = Release;
		};
/* End XCBuildConfiguration section */

/* Begin XCConfigurationList section */
		C8587E6729DDF9C500CB6305 /* Build configuration list for PBXProject "CyclingBLESensorTester" */ = {
			isa = XCConfigurationList;
			buildConfigurations = (
				C8587E8F29DDF9C600CB6305 /* Debug */,
				C8587E9029DDF9C600CB6305 /* Release */,
			);
			defaultConfigurationIsVisible = 0;
			defaultConfigurationName = Release;
		};
		C8587E9129DDF9C600CB6305 /* Build configuration list for PBXNativeTarget "CyclingBLESensorTester" */ = {
			isa = XCConfigurationList;
			buildConfigurations = (
				C8587E9229DDF9C600CB6305 /* Debug */,
				C8587E9329DDF9C600CB6305 /* Release */,
			);
			defaultConfigurationIsVisible = 0;
			defaultConfigurationName = Release;
		};
		C8587E9429DDF9C600CB6305 /* Build configuration list for PBXNativeTarget "CyclingBLESensorTesterTests" */ = {
			isa = XCConfigurationList;
			buildConfigurations = (
				C8587E9529DDF9C600CB6305 /* Debug */,
				C8587E9629DDF9C600CB6305 /* Release */,
			);
			defaultConfigurationIsVisible = 0;
			defaultConfigurationName = Release;
		};
		C8587E9729DDF9C600CB6305 /* Build configuration list for PBXNativeTarget "CyclingBLESensorTesterUITests" */ = {
			isa = XCConfigurationList;
			buildConfigurations = (
				C8587E9829DDF9C600CB6305 /* Debug */,
				C8587E9929DDF9C600CB6305 /* Release */,
			);
			defaultConfigurationIsVisible = 0;
			defaultConfigurationName = Release;
		};
/* End XCConfigurationList section */
	};
	rootObject = C8587E6429DDF9C500CB6305 /* Project object */;
}
